
Microsoft Visual Studio Solution File, Format Version 12.00
# Visual Studio Version 17
VisualStudioVersion = 17.2.32630.192
MinimumVisualStudioVersion = 10.0.40219.1
Project("{FAE04EC0-301F-11D3-BF4B-00C04F79EFBC}") = "MiB-map", "MiB-map\MiB-map.csproj", "{739FFCCF-DD8E-4AC7-B410-127AE92ED310}"
EndProject
Global
	GlobalSection(SolutionConfigurationPlatforms) = preSolution
		Debug|Any CPU = Debug|Any CPU
		Release|Any CPU = Release|Any CPU
	EndGlobalSection
	GlobalSection(ProjectConfigurationPlatforms) = postSolution
		{739FFCCF-DD8E-4AC7-B410-127AE92ED310}.Debug|Any CPU.ActiveCfg = Debug|Any CPU
		{739FFCCF-DD8E-4AC7-B410-127AE92ED310}.Debug|Any CPU.Build.0 = Debug|Any CPU
		{739FFCCF-DD8E-4AC7-B410-127AE92ED310}.Release|Any CPU.ActiveCfg = Release|Any CPU
		{739FFCCF-DD8E-4AC7-B410-127AE92ED310}.Release|Any CPU.Build.0 = Release|Any CPU
	EndGlobalSection
	GlobalSection(SolutionProperties) = preSolution
		HideSolutionNode = FALSE
	EndGlobalSection
	GlobalSection(ExtensibilityGlobals) = postSolution
		SolutionGuid = {6B38A8D3-8C75-4FCF-9814-EB5D44099DFE}
	EndGlobalSection
EndGlobal
