
Microsoft Visual Studio Solution File, Format Version 12.00
# Visual Studio Version 17
VisualStudioVersion = 17.2.32630.192
MinimumVisualStudioVersion = 10.0.40219.1
Project("{FAE04EC0-301F-11D3-BF4B-00C04F79EFBC}") = "swapi-sans-ia", "swapi-sans-ia\swapi-sans-ia.csproj", "{2D26E3F1-C6CF-446A-A0D9-E8A323C456E2}"
EndProject
Global
	GlobalSection(SolutionConfigurationPlatforms) = preSolution
		Debug|Any CPU = Debug|Any CPU
		Release|Any CPU = Release|Any CPU
	EndGlobalSection
	GlobalSection(ProjectConfigurationPlatforms) = postSolution
		{2D26E3F1-C6CF-446A-A0D9-E8A323C456E2}.Debug|Any CPU.ActiveCfg = Debug|Any CPU
		{2D26E3F1-C6CF-446A-A0D9-E8A323C456E2}.Debug|Any CPU.Build.0 = Debug|Any CPU
		{2D26E3F1-C6CF-446A-A0D9-E8A323C456E2}.Release|Any CPU.ActiveCfg = Release|Any CPU
		{2D26E3F1-C6CF-446A-A0D9-E8A323C456E2}.Release|Any CPU.Build.0 = Release|Any CPU
	EndGlobalSection
	GlobalSection(SolutionProperties) = preSolution
		HideSolutionNode = FALSE
	EndGlobalSection
	GlobalSection(ExtensibilityGlobals) = postSolution
		SolutionGuid = {950FE4AE-F567-48DB-8CA7-FF65A057F222}
	EndGlobalSection
EndGlobal
